
Microsoft Visual Studio Solution File, Format Version 12.00
# Visual Studio Version 17
VisualStudioVersion = 17.4.33205.214
MinimumVisualStudioVersion = 10.0.40219.1
Project("{FAE04EC0-301F-11D3-BF4B-00C04F79EFBC}") = "ZhouyiStoreEditor", "ZhouyiStoreEditor\ZhouyiStoreEditor.csproj", "{2B6834A2-67EF-4C4F-96F9-6E225884DC65}"
EndProject
Global
	GlobalSection(SolutionConfigurationPlatforms) = preSolution
		Debug|Any CPU = Debug|Any CPU
		Release|Any CPU = Release|Any CPU
	EndGlobalSection
	GlobalSection(ProjectConfigurationPlatforms) = postSolution
		{2B6834A2-67EF-4C4F-96F9-6E225884DC65}.Debug|Any CPU.ActiveCfg = Debug|Any CPU
		{2B6834A2-67EF-4C4F-96F9-6E225884DC65}.Debug|Any CPU.Build.0 = Debug|Any CPU
		{2B6834A2-67EF-4C4F-96F9-6E225884DC65}.Release|Any CPU.ActiveCfg = Release|Any CPU
		{2B6834A2-67EF-4C4F-96F9-6E225884DC65}.Release|Any CPU.Build.0 = Release|Any CPU
	EndGlobalSection
	GlobalSection(SolutionProperties) = preSolution
		HideSolutionNode = FALSE
	EndGlobalSection
	GlobalSection(ExtensibilityGlobals) = postSolution
		SolutionGuid = {16F38EE6-E40A-4B97-A119-734D6FFCDDC1}
	EndGlobalSection
EndGlobal
